
Microsoft Visual Studio Solution File, Format Version 12.00
Project("{FAE04EC0-301F-11D3-BF4B-00C04F79EFBC}") = "YeluoFunc", "YeluoFunc\YeluoFunc.csproj", "{5CA6D47A-D065-4707-AFF0-5F4A5A350E1A}"
EndProject
Project("{FAE04EC0-301F-11D3-BF4B-00C04F79EFBC}") = "CoreProject", "CoreProject\CoreProject.csproj", "{4E71665C-721E-4D90-A455-DF4354CB0C69}"
EndProject
Project("{FAE04EC0-301F-11D3-BF4B-00C04F79EFBC}") = "CoreExample", "CoreExample\CoreExample.csproj", "{42DBC4A8-1305-427A-8551-D65A9B5F4808}"
EndProject
Project("{FAE04EC0-301F-11D3-BF4B-00C04F79EFBC}") = "SDK", "SDK\SDK.csproj", "{B416100F-7105-4FAE-91A9-4E446126C293}"
EndProject
Project("{FAE04EC0-301F-11D3-BF4B-00C04F79EFBC}") = "Animals.Lib", "Animals.Lib\Animals.Lib.csproj", "{8B572A3B-7908-4731-A1E4-48E3BCDD0704}"
EndProject
Project("{FAE04EC0-301F-11D3-BF4B-00C04F79EFBC}") = "PointerExample", "PointerExample\PointerExample.csproj", "{5EB138D6-9A03-4F3B-88F9-6A45081DFBB2}"
EndProject
Project("{FAE04EC0-301F-11D3-BF4B-00C04F79EFBC}") = "GenericProject", "GenericProject\GenericProject.csproj", "{AB5ECA28-B9C3-4F11-BE81-5EF6BB193623}"
EndProject
Project("{FAE04EC0-301F-11D3-BF4B-00C04F79EFBC}") = "ArrayExample", "ArrayExample\ArrayExample.csproj", "{B3DC1566-59A0-4F24-BB0B-F6B1720FD477}"
EndProject
Project("{FAE04EC0-301F-11D3-BF4B-00C04F79EFBC}") = "DelegatesEventFuckHandler", "DelegatesEventFuckHandler\DelegatesEventFuckHandler.csproj", "{C7AEE096-C512-4460-9740-54A620DED3FF}"
EndProject
Global
	GlobalSection(SolutionConfigurationPlatforms) = preSolution
		Debug|Any CPU = Debug|Any CPU
		Release|Any CPU = Release|Any CPU
	EndGlobalSection
	GlobalSection(ProjectConfigurationPlatforms) = postSolution
		{5CA6D47A-D065-4707-AFF0-5F4A5A350E1A}.Debug|Any CPU.ActiveCfg = Debug|Any CPU
		{5CA6D47A-D065-4707-AFF0-5F4A5A350E1A}.Debug|Any CPU.Build.0 = Debug|Any CPU
		{5CA6D47A-D065-4707-AFF0-5F4A5A350E1A}.Release|Any CPU.ActiveCfg = Release|Any CPU
		{5CA6D47A-D065-4707-AFF0-5F4A5A350E1A}.Release|Any CPU.Build.0 = Release|Any CPU
		{4E71665C-721E-4D90-A455-DF4354CB0C69}.Debug|Any CPU.ActiveCfg = Debug|Any CPU
		{4E71665C-721E-4D90-A455-DF4354CB0C69}.Debug|Any CPU.Build.0 = Debug|Any CPU
		{4E71665C-721E-4D90-A455-DF4354CB0C69}.Release|Any CPU.ActiveCfg = Release|Any CPU
		{4E71665C-721E-4D90-A455-DF4354CB0C69}.Release|Any CPU.Build.0 = Release|Any CPU
		{42DBC4A8-1305-427A-8551-D65A9B5F4808}.Debug|Any CPU.ActiveCfg = Debug|Any CPU
		{42DBC4A8-1305-427A-8551-D65A9B5F4808}.Debug|Any CPU.Build.0 = Debug|Any CPU
		{42DBC4A8-1305-427A-8551-D65A9B5F4808}.Release|Any CPU.ActiveCfg = Release|Any CPU
		{42DBC4A8-1305-427A-8551-D65A9B5F4808}.Release|Any CPU.Build.0 = Release|Any CPU
		{B416100F-7105-4FAE-91A9-4E446126C293}.Debug|Any CPU.ActiveCfg = Debug|Any CPU
		{B416100F-7105-4FAE-91A9-4E446126C293}.Debug|Any CPU.Build.0 = Debug|Any CPU
		{B416100F-7105-4FAE-91A9-4E446126C293}.Release|Any CPU.ActiveCfg = Release|Any CPU
		{B416100F-7105-4FAE-91A9-4E446126C293}.Release|Any CPU.Build.0 = Release|Any CPU
		{8B572A3B-7908-4731-A1E4-48E3BCDD0704}.Debug|Any CPU.ActiveCfg = Debug|Any CPU
		{8B572A3B-7908-4731-A1E4-48E3BCDD0704}.Debug|Any CPU.Build.0 = Debug|Any CPU
		{8B572A3B-7908-4731-A1E4-48E3BCDD0704}.Release|Any CPU.ActiveCfg = Release|Any CPU
		{8B572A3B-7908-4731-A1E4-48E3BCDD0704}.Release|Any CPU.Build.0 = Release|Any CPU
		{5EB138D6-9A03-4F3B-88F9-6A45081DFBB2}.Debug|Any CPU.ActiveCfg = Debug|Any CPU
		{5EB138D6-9A03-4F3B-88F9-6A45081DFBB2}.Debug|Any CPU.Build.0 = Debug|Any CPU
		{5EB138D6-9A03-4F3B-88F9-6A45081DFBB2}.Release|Any CPU.ActiveCfg = Release|Any CPU
		{5EB138D6-9A03-4F3B-88F9-6A45081DFBB2}.Release|Any CPU.Build.0 = Release|Any CPU
		{AB5ECA28-B9C3-4F11-BE81-5EF6BB193623}.Debug|Any CPU.ActiveCfg = Debug|Any CPU
		{AB5ECA28-B9C3-4F11-BE81-5EF6BB193623}.Debug|Any CPU.Build.0 = Debug|Any CPU
		{AB5ECA28-B9C3-4F11-BE81-5EF6BB193623}.Release|Any CPU.ActiveCfg = Release|Any CPU
		{AB5ECA28-B9C3-4F11-BE81-5EF6BB193623}.Release|Any CPU.Build.0 = Release|Any CPU
		{B3DC1566-59A0-4F24-BB0B-F6B1720FD477}.Debug|Any CPU.ActiveCfg = Debug|Any CPU
		{B3DC1566-59A0-4F24-BB0B-F6B1720FD477}.Debug|Any CPU.Build.0 = Debug|Any CPU
		{B3DC1566-59A0-4F24-BB0B-F6B1720FD477}.Release|Any CPU.ActiveCfg = Release|Any CPU
		{B3DC1566-59A0-4F24-BB0B-F6B1720FD477}.Release|Any CPU.Build.0 = Release|Any CPU
		{C7AEE096-C512-4460-9740-54A620DED3FF}.Debug|Any CPU.ActiveCfg = Debug|Any CPU
		{C7AEE096-C512-4460-9740-54A620DED3FF}.Debug|Any CPU.Build.0 = Debug|Any CPU
		{C7AEE096-C512-4460-9740-54A620DED3FF}.Release|Any CPU.ActiveCfg = Release|Any CPU
		{C7AEE096-C512-4460-9740-54A620DED3FF}.Release|Any CPU.Build.0 = Release|Any CPU
	EndGlobalSection
EndGlobal
