
Microsoft Visual Studio Solution File, Format Version 12.00
Project("{FAE04EC0-301F-11D3-BF4B-00C04F79EFBC}") = "ServerTestProject", "ServerTestProject\ServerTestProject.csproj", "{FB961CAE-0A26-4C9B-8530-7EBDB9347E31}"
EndProject
Project("{FAE04EC0-301F-11D3-BF4B-00C04F79EFBC}") = "GameServer", "GameServer\GameServer.csproj", "{308CBD94-B609-4C21-86E4-B1AD55184C8C}"
EndProject
Global
	GlobalSection(SolutionConfigurationPlatforms) = preSolution
		Debug|Any CPU = Debug|Any CPU
		Release|Any CPU = Release|Any CPU
	EndGlobalSection
	GlobalSection(ProjectConfigurationPlatforms) = postSolution
		{FB961CAE-0A26-4C9B-8530-7EBDB9347E31}.Debug|Any CPU.ActiveCfg = Debug|Any CPU
		{FB961CAE-0A26-4C9B-8530-7EBDB9347E31}.Debug|Any CPU.Build.0 = Debug|Any CPU
		{FB961CAE-0A26-4C9B-8530-7EBDB9347E31}.Release|Any CPU.ActiveCfg = Release|Any CPU
		{FB961CAE-0A26-4C9B-8530-7EBDB9347E31}.Release|Any CPU.Build.0 = Release|Any CPU
		{308CBD94-B609-4C21-86E4-B1AD55184C8C}.Debug|Any CPU.ActiveCfg = Debug|Any CPU
		{308CBD94-B609-4C21-86E4-B1AD55184C8C}.Debug|Any CPU.Build.0 = Debug|Any CPU
		{308CBD94-B609-4C21-86E4-B1AD55184C8C}.Release|Any CPU.ActiveCfg = Release|Any CPU
		{308CBD94-B609-4C21-86E4-B1AD55184C8C}.Release|Any CPU.Build.0 = Release|Any CPU
	EndGlobalSection
EndGlobal
